
Microsoft Visual Studio Solution File, Format Version 12.00
# Visual Studio Version 16
VisualStudioVersion = 16.0.32901.82
MinimumVisualStudioVersion = 10.0.40219.1
Project("{FAE04EC0-301F-11D3-BF4B-00C04F79EFBC}") = "WEbCam_Streaiming_framework", "WEbCam_Streaiming_framework\WEbCam_Streaiming_framework.csproj", "{FA055FDC-903D-40BC-8C83-209E3614582C}"
EndProject
Global
	GlobalSection(SolutionConfigurationPlatforms) = preSolution
		Debug|Any CPU = Debug|Any CPU
		Release|Any CPU = Release|Any CPU
	EndGlobalSection
	GlobalSection(ProjectConfigurationPlatforms) = postSolution
		{FA055FDC-903D-40BC-8C83-209E3614582C}.Debug|Any CPU.ActiveCfg = Debug|Any CPU
		{FA055FDC-903D-40BC-8C83-209E3614582C}.Debug|Any CPU.Build.0 = Debug|Any CPU
		{FA055FDC-903D-40BC-8C83-209E3614582C}.Release|Any CPU.ActiveCfg = Release|Any CPU
		{FA055FDC-903D-40BC-8C83-209E3614582C}.Release|Any CPU.Build.0 = Release|Any CPU
	EndGlobalSection
	GlobalSection(SolutionProperties) = preSolution
		HideSolutionNode = FALSE
	EndGlobalSection
	GlobalSection(ExtensibilityGlobals) = postSolution
		SolutionGuid = {312F7726-4263-4F09-8389-CBC2D6EA5B53}
	EndGlobalSection
EndGlobal
